
Microsoft Visual Studio Solution File, Format Version 12.00
# Visual Studio Version 16
VisualStudioVersion = 16.0.32802.440
MinimumVisualStudioVersion = 10.0.40219.1
Project("{FAE04EC0-301F-11D3-BF4B-00C04F79EFBC}") = "InsuranceApprovalProgram", "InsuranceApprovalProgram.csproj", "{5007A065-3476-48D0-A2F7-FE0F19AC8FE5}"
EndProject
Global
	GlobalSection(SolutionConfigurationPlatforms) = preSolution
		Debug|Any CPU = Debug|Any CPU
		Release|Any CPU = Release|Any CPU
	EndGlobalSection
	GlobalSection(ProjectConfigurationPlatforms) = postSolution
		{5007A065-3476-48D0-A2F7-FE0F19AC8FE5}.Debug|Any CPU.ActiveCfg = Debug|Any CPU
		{5007A065-3476-48D0-A2F7-FE0F19AC8FE5}.Debug|Any CPU.Build.0 = Debug|Any CPU
		{5007A065-3476-48D0-A2F7-FE0F19AC8FE5}.Release|Any CPU.ActiveCfg = Release|Any CPU
		{5007A065-3476-48D0-A2F7-FE0F19AC8FE5}.Release|Any CPU.Build.0 = Release|Any CPU
	EndGlobalSection
	GlobalSection(SolutionProperties) = preSolution
		HideSolutionNode = FALSE
	EndGlobalSection
	GlobalSection(ExtensibilityGlobals) = postSolution
		SolutionGuid = {D47302D3-9373-45F6-B7ED-1DD5D3F9DDBE}
	EndGlobalSection
EndGlobal
