
Microsoft Visual Studio Solution File, Format Version 12.00
# Visual Studio Version 16
VisualStudioVersion = 16.0.32802.440
MinimumVisualStudioVersion = 10.0.40219.1
Project("{FAE04EC0-301F-11D3-BF4B-00C04F79EFBC}") = "ThreeMethodsAssignments", "ThreeMethodsAssignments.csproj", "{A9173BFD-CDA0-4DE5-B1F7-20CFDFA2FC78}"
EndProject
Global
	GlobalSection(SolutionConfigurationPlatforms) = preSolution
		Debug|Any CPU = Debug|Any CPU
		Release|Any CPU = Release|Any CPU
	EndGlobalSection
	GlobalSection(ProjectConfigurationPlatforms) = postSolution
		{A9173BFD-CDA0-4DE5-B1F7-20CFDFA2FC78}.Debug|Any CPU.ActiveCfg = Debug|Any CPU
		{A9173BFD-CDA0-4DE5-B1F7-20CFDFA2FC78}.Debug|Any CPU.Build.0 = Debug|Any CPU
		{A9173BFD-CDA0-4DE5-B1F7-20CFDFA2FC78}.Release|Any CPU.ActiveCfg = Release|Any CPU
		{A9173BFD-CDA0-4DE5-B1F7-20CFDFA2FC78}.Release|Any CPU.Build.0 = Release|Any CPU
	EndGlobalSection
	GlobalSection(SolutionProperties) = preSolution
		HideSolutionNode = FALSE
	EndGlobalSection
	GlobalSection(ExtensibilityGlobals) = postSolution
		SolutionGuid = {48DAE0F5-BAE4-44F9-8415-7EAA169EFA3E}
	EndGlobalSection
EndGlobal
