
Microsoft Visual Studio Solution File, Format Version 12.00
# Visual Studio Version 16
VisualStudioVersion = 16.0.32802.440
MinimumVisualStudioVersion = 10.0.40219.1
Project("{FAE04EC0-301F-11D3-BF4B-00C04F79EFBC}") = "ClassSubmissionAssignment", "ClassSubmissionAssignment.csproj", "{EB24CFEB-A098-4B54-8DC9-92CDC3DE46F2}"
EndProject
Global
	GlobalSection(SolutionConfigurationPlatforms) = preSolution
		Debug|Any CPU = Debug|Any CPU
		Release|Any CPU = Release|Any CPU
	EndGlobalSection
	GlobalSection(ProjectConfigurationPlatforms) = postSolution
		{EB24CFEB-A098-4B54-8DC9-92CDC3DE46F2}.Debug|Any CPU.ActiveCfg = Debug|Any CPU
		{EB24CFEB-A098-4B54-8DC9-92CDC3DE46F2}.Debug|Any CPU.Build.0 = Debug|Any CPU
		{EB24CFEB-A098-4B54-8DC9-92CDC3DE46F2}.Release|Any CPU.ActiveCfg = Release|Any CPU
		{EB24CFEB-A098-4B54-8DC9-92CDC3DE46F2}.Release|Any CPU.Build.0 = Release|Any CPU
	EndGlobalSection
	GlobalSection(SolutionProperties) = preSolution
		HideSolutionNode = FALSE
	EndGlobalSection
	GlobalSection(ExtensibilityGlobals) = postSolution
		SolutionGuid = {DFD11552-FE2E-4A46-A448-F50218F9BE52}
	EndGlobalSection
EndGlobal
