
Microsoft Visual Studio Solution File, Format Version 12.00
# Visual Studio Version 16
VisualStudioVersion = 16.0.32802.440
MinimumVisualStudioVersion = 10.0.40219.1
Project("{FAE04EC0-301F-11D3-BF4B-00C04F79EFBC}") = "LAMBDASubmissionAssignment", "LAMBDASubmissionAssignment.csproj", "{CA44004E-8C8E-45F1-9F73-6E412A4C4F5C}"
EndProject
Global
	GlobalSection(SolutionConfigurationPlatforms) = preSolution
		Debug|Any CPU = Debug|Any CPU
		Release|Any CPU = Release|Any CPU
	EndGlobalSection
	GlobalSection(ProjectConfigurationPlatforms) = postSolution
		{CA44004E-8C8E-45F1-9F73-6E412A4C4F5C}.Debug|Any CPU.ActiveCfg = Debug|Any CPU
		{CA44004E-8C8E-45F1-9F73-6E412A4C4F5C}.Debug|Any CPU.Build.0 = Debug|Any CPU
		{CA44004E-8C8E-45F1-9F73-6E412A4C4F5C}.Release|Any CPU.ActiveCfg = Release|Any CPU
		{CA44004E-8C8E-45F1-9F73-6E412A4C4F5C}.Release|Any CPU.Build.0 = Release|Any CPU
	EndGlobalSection
	GlobalSection(SolutionProperties) = preSolution
		HideSolutionNode = FALSE
	EndGlobalSection
	GlobalSection(ExtensibilityGlobals) = postSolution
		SolutionGuid = {23630619-43F3-4DB2-A9DF-A9807CF7C5C6}
	EndGlobalSection
EndGlobal
