
Microsoft Visual Studio Solution File, Format Version 12.00
# Visual Studio Version 16
VisualStudioVersion = 16.0.32802.440
MinimumVisualStudioVersion = 10.0.40219.1
Project("{FAE04EC0-301F-11D3-BF4B-00C04F79EFBC}") = "ParsingEnumsSubmissionAssingment", "ParsingEnumsSubmissionAssingment.csproj", "{AB51BBAF-C20D-4CB3-9E22-8DCBE708BBF4}"
EndProject
Global
	GlobalSection(SolutionConfigurationPlatforms) = preSolution
		Debug|Any CPU = Debug|Any CPU
		Release|Any CPU = Release|Any CPU
	EndGlobalSection
	GlobalSection(ProjectConfigurationPlatforms) = postSolution
		{AB51BBAF-C20D-4CB3-9E22-8DCBE708BBF4}.Debug|Any CPU.ActiveCfg = Debug|Any CPU
		{AB51BBAF-C20D-4CB3-9E22-8DCBE708BBF4}.Debug|Any CPU.Build.0 = Debug|Any CPU
		{AB51BBAF-C20D-4CB3-9E22-8DCBE708BBF4}.Release|Any CPU.ActiveCfg = Release|Any CPU
		{AB51BBAF-C20D-4CB3-9E22-8DCBE708BBF4}.Release|Any CPU.Build.0 = Release|Any CPU
	EndGlobalSection
	GlobalSection(SolutionProperties) = preSolution
		HideSolutionNode = FALSE
	EndGlobalSection
	GlobalSection(ExtensibilityGlobals) = postSolution
		SolutionGuid = {62AF1402-D688-40DA-A7CE-B3E05917CB31}
	EndGlobalSection
EndGlobal
